
Microsoft Visual Studio Solution File, Format Version 12.00
# Visual Studio Version 17
VisualStudioVersion = 17.14.36401.2 d17.14
MinimumVisualStudioVersion = 10.0.40219.1
Project("{FAE04EC0-301F-11D3-BF4B-00C04F79EFBC}") = "LESSON1", "LESSON1\LESSON1.csproj", "{7215F7CB-C14D-4098-AAF9-C885EC5EA4CC}"
EndProject
Global
	GlobalSection(SolutionConfigurationPlatforms) = preSolution
		Debug|Any CPU = Debug|Any CPU
		Release|Any CPU = Release|Any CPU
	EndGlobalSection
	GlobalSection(ProjectConfigurationPlatforms) = postSolution
		{7215F7CB-C14D-4098-AAF9-C885EC5EA4CC}.Debug|Any CPU.ActiveCfg = Debug|Any CPU
		{7215F7CB-C14D-4098-AAF9-C885EC5EA4CC}.Debug|Any CPU.Build.0 = Debug|Any CPU
		{7215F7CB-C14D-4098-AAF9-C885EC5EA4CC}.Release|Any CPU.ActiveCfg = Release|Any CPU
		{7215F7CB-C14D-4098-AAF9-C885EC5EA4CC}.Release|Any CPU.Build.0 = Release|Any CPU
	EndGlobalSection
	GlobalSection(SolutionProperties) = preSolution
		HideSolutionNode = FALSE
	EndGlobalSection
	GlobalSection(ExtensibilityGlobals) = postSolution
		SolutionGuid = {5E1A58DE-5555-4E47-8A63-8D215F029A3A}
	EndGlobalSection
EndGlobal
